DEPENDENCIES
  opsview_client
    path: .
    metadata: true
  opsview_client_test
    path: test/fixtures/cookbooks/opsview_client_test

GRAPH
  build-essential (2.2.3)
  chef_handler (1.2.0)
  opsview_client (1.0.2)
    build-essential (>= 0.0.0)
    windows (>= 0.0.0)
    yum (>= 0.0.0)
    yum-epel (>= 0.0.0)
  opsview_client_test (0.2.1)
    opsview_client (>= 0.0.0)
  windows (1.37.0)
    chef_handler (>= 0.0.0)
  yum (3.6.3)
  yum-epel (0.6.2)
    yum (~> 3.2)
